// !$*UTF8*$!
{
	archiveVersion = 1;
	classes = {
	};
	objectVersion = 46;
	objects = {

/* Begin PBXBuildFile section */
		9F084AF6176F25D100C5F37B /* NSData+SFPackedBits.m in Sources */ = {isa = PBXBuildFile; fileRef = 9F084AE3176F25D100C5F37B /* NSData+SFPackedBits.m */; };
		9F084AF7176F25D100C5F37B /* NSMutableData+SFAppendValue.m in Sources */ = {isa = PBXBuildFile; fileRef = 9F084AE5176F25D100C5F37B /* NSMutableData+SFAppendValue.m */; };
		9F084AF8176F25D100C5F37B /* NSString+SFPascalString.m in Sources */ = {isa = PBXBuildFile; fileRef = 9F084AE7176F25D100C5F37B /* NSString+SFPascalString.m */; };
		9F084AF9176F25D100C5F37B /* SFPSDLayerBlendModes.m in Sources */ = {isa = PBXBuildFile; fileRef = 9F084AEB176F25D100C5F37B /* SFPSDLayerBlendModes.m */; };
		9F084AFA176F25D100C5F37B /* SFPSDGroupClosingLayer.m in Sources */ = {isa = PBXBuildFile; fileRef = 9F084AED176F25D100C5F37B /* SFPSDGroupClosingLayer.m */; };
		9F084AFB176F25D100C5F37B /* SFPSDGroupLayer.m in Sources */ = {isa = PBXBuildFile; fileRef = 9F084AEF176F25D100C5F37B /* SFPSDGroupLayer.m */; };
		9F084AFC176F25D100C5F37B /* SFPSDGroupOpeningLayer.m in Sources */ = {isa = PBXBuildFile; fileRef = 9F084AF1176F25D100C5F37B /* SFPSDGroupOpeningLayer.m */; };
		9F084AFD176F25D100C5F37B /* SFPSDLayer.m in Sources */ = {isa = PBXBuildFile; fileRef = 9F084AF3176F25D100C5F37B /* SFPSDLayer.m */; };
		9F084AFE176F25D100C5F37B /* SFPSDWriter.m in Sources */ = {isa = PBXBuildFile; fileRef = 9F084AF5176F25D100C5F37B /* SFPSDWriter.m */; };
		9F084B03176F278800C5F37B /* layerImage.jpg in Resources */ = {isa = PBXBuildFile; fileRef = 9F084B01176F278800C5F37B /* layerImage.jpg */; };
		9F084B04176F278800C5F37B /* layerImageCMYK.jpg in Resources */ = {isa = PBXBuildFile; fileRef = 9F084B02176F278800C5F37B /* layerImageCMYK.jpg */; };
		9F084B07176F279200C5F37B /* MainMenu.xib in Resources */ = {isa = PBXBuildFile; fileRef = 9F084B05176F279200C5F37B /* MainMenu.xib */; };
		9FAE471A176F27C5009E80D0 /* InfoPlist.strings in Resources */ = {isa = PBXBuildFile; fileRef = 9FAE4718176F27C5009E80D0 /* InfoPlist.strings */; };
		9FAE471D176F27CD009E80D0 /* Credits.rtf in Resources */ = {isa = PBXBuildFile; fileRef = 9FAE471B176F27CD009E80D0 /* Credits.rtf */; };
		9FAE4721176F2807009E80D0 /* SFPSDWriter Stress Test-Info.plist in Resources */ = {isa = PBXBuildFile; fileRef = 9FAE4720176F2806009E80D0 /* SFPSDWriter Stress Test-Info.plist */; };
		9FE8EFEF1769B28A009889B1 /* Cocoa.framework in Frameworks */ = {isa = PBXBuildFile; fileRef = 9FE8EFEE1769B28A009889B1 /* Cocoa.framework */; };
/* End PBXBuildFile section */

/* Begin PBXFileReference section */
		9F084AE2176F25D100C5F37B /* NSData+SFPackedBits.h */ = {isa = PBXFileReference; fileEncoding = 4; lastKnownFileType = sourcecode.c.h; path = "NSData+SFPackedBits.h"; sourceTree = "<group>"; };
		9F084AE3176F25D100C5F37B /* NSData+SFPackedBits.m */ = {isa = PBXFileReference; fileEncoding = 4; lastKnownFileType = sourcecode.c.objc; path = "NSData+SFPackedBits.m"; sourceTree = "<group>"; };
		9F084AE4176F25D100C5F37B /* NSMutableData+SFAppendValue.h */ = {isa = PBXFileReference; fileEncoding = 4; lastKnownFileType = sourcecode.c.h; path = "NSMutableData+SFAppendValue.h"; sourceTree = "<group>"; };
		9F084AE5176F25D100C5F37B /* NSMutableData+SFAppendValue.m */ = {isa = PBXFileReference; fileEncoding = 4; lastKnownFileType = sourcecode.c.objc; path = "NSMutableData+SFAppendValue.m"; sourceTree = "<group>"; };
		9F084AE6176F25D100C5F37B /* NSString+SFPascalString.h */ = {isa = PBXFileReference; fileEncoding = 4; lastKnownFileType = sourcecode.c.h; path = "NSString+SFPascalString.h"; sourceTree = "<group>"; };
		9F084AE7176F25D100C5F37B /* NSString+SFPascalString.m */ = {isa = PBXFileReference; fileEncoding = 4; lastKnownFileType = sourcecode.c.objc; path = "NSString+SFPascalString.m"; sourceTree = "<group>"; };
		9F084AEA176F25D100C5F37B /* SFPSDLayerBlendModes.h */ = {isa = PBXFileReference; fileEncoding = 4; lastKnownFileType = sourcecode.c.h; path = SFPSDLayerBlendModes.h; sourceTree = "<group>"; };
		9F084AEB176F25D100C5F37B /* SFPSDLayerBlendModes.m */ = {isa = PBXFileReference; fileEncoding = 4; lastKnownFileType = sourcecode.c.objc; path = SFPSDLayerBlendModes.m; sourceTree = "<group>"; };
		9F084AEC176F25D100C5F37B /* SFPSDGroupClosingLayer.h */ = {isa = PBXFileReference; fileEncoding = 4; lastKnownFileType = sourcecode.c.h; path = SFPSDGroupClosingLayer.h; sourceTree = "<group>"; };
		9F084AED176F25D100C5F37B /* SFPSDGroupClosingLayer.m */ = {isa = PBXFileReference; fileEncoding = 4; lastKnownFileType = sourcecode.c.objc; path = SFPSDGroupClosingLayer.m; sourceTree = "<group>"; };
		9F084AEE176F25D100C5F37B /* SFPSDGroupLayer.h */ = {isa = PBXFileReference; fileEncoding = 4; lastKnownFileType = sourcecode.c.h; path = SFPSDGroupLayer.h; sourceTree = "<group>"; };
		9F084AEF176F25D100C5F37B /* SFPSDGroupLayer.m */ = {isa = PBXFileReference; fileEncoding = 4; lastKnownFileType = sourcecode.c.objc; path = SFPSDGroupLayer.m; sourceTree = "<group>"; };
		9F084AF0176F25D100C5F37B /* SFPSDGroupOpeningLayer.h */ = {isa = PBXFileReference; fileEncoding = 4; lastKnownFileType = sourcecode.c.h; path = SFPSDGroupOpeningLayer.h; sourceTree = "<group>"; };
		9F084AF1176F25D100C5F37B /* SFPSDGroupOpeningLayer.m */ = {isa = PBXFileReference; fileEncoding = 4; lastKnownFileType = sourcecode.c.objc; path = SFPSDGroupOpeningLayer.m; sourceTree = "<group>"; };
		9F084AF2176F25D100C5F37B /* SFPSDLayer.h */ = {isa = PBXFileReference; fileEncoding = 4; lastKnownFileType = sourcecode.c.h; path = SFPSDLayer.h; sourceTree = "<group>"; };
		9F084AF3176F25D100C5F37B /* SFPSDLayer.m */ = {isa = PBXFileReference; fileEncoding = 4; lastKnownFileType = sourcecode.c.objc; path = SFPSDLayer.m; sourceTree = "<group>"; };
		9F084AF4176F25D100C5F37B /* SFPSDWriter.h */ = {isa = PBXFileReference; fileEncoding = 4; lastKnownFileType = sourcecode.c.h; path = SFPSDWriter.h; sourceTree = "<group>"; };
		9F084AF5176F25D100C5F37B /* SFPSDWriter.m */ = {isa = PBXFileReference; fileEncoding = 4; lastKnownFileType = sourcecode.c.objc; path = SFPSDWriter.m; sourceTree = "<group>"; };
		9F084AFF176F276F00C5F37B /* SFAppDelegate.h */ = {isa = PBXFileReference; lastKnownFileType = sourcecode.c.h; name = SFAppDelegate.h; path = "SFPSDWriter Stress Test/SFAppDelegate.h"; sourceTree = SOURCE_ROOT; };
		9F084B00176F276F00C5F37B /* SFAppDelegate.m */ = {isa = PBXFileReference; lastKnownFileType = sourcecode.c.objc; name = SFAppDelegate.m; path = "SFPSDWriter Stress Test/SFAppDelegate.m"; sourceTree = SOURCE_ROOT; };
		9F084B01176F278800C5F37B /* layerImage.jpg */ = {isa = PBXFileReference; lastKnownFileType = image.jpeg; name = layerImage.jpg; path = "SFPSDWriter Stress Test/layerImage.jpg"; sourceTree = SOURCE_ROOT; };
		9F084B02176F278800C5F37B /* layerImageCMYK.jpg */ = {isa = PBXFileReference; lastKnownFileType = image.jpeg; name = layerImageCMYK.jpg; path = "SFPSDWriter Stress Test/layerImageCMYK.jpg"; sourceTree = SOURCE_ROOT; };
		9F084B06176F279200C5F37B /* en */ = {isa = PBXFileReference; lastKnownFileType = file.xib; name = en; path = "SFPSDWriter Stress Test/en.lproj/MainMenu.xib"; sourceTree = SOURCE_ROOT; };
		9FAE4719176F27C5009E80D0 /* en */ = {isa = PBXFileReference; lastKnownFileType = text.plist.strings; name = en; path = "SFPSDWriter Stress Test/en.lproj/InfoPlist.strings"; sourceTree = SOURCE_ROOT; };
		9FAE471C176F27CD009E80D0 /* en */ = {isa = PBXFileReference; lastKnownFileType = text.rtf; name = en; path = "SFPSDWriter Stress Test/en.lproj/Credits.rtf"; sourceTree = SOURCE_ROOT; };
		9FAE471E176F27DB009E80D0 /* main.m */ = {isa = PBXFileReference; lastKnownFileType = sourcecode.c.objc; name = main.m; path = "SFPSDWriter Stress Test/main.m"; sourceTree = SOURCE_ROOT; };
		9FAE471F176F27DB009E80D0 /* SFPSDWriter Stress Test-Prefix.pch */ = {isa = PBXFileReference; lastKnownFileType = sourcecode.c.h; name = "SFPSDWriter Stress Test-Prefix.pch"; path = "SFPSDWriter Stress Test/SFPSDWriter Stress Test-Prefix.pch"; sourceTree = SOURCE_ROOT; };
		9FAE4720176F2806009E80D0 /* SFPSDWriter Stress Test-Info.plist */ = {isa = PBXFileReference; fileEncoding = 4; lastKnownFileType = text.plist.xml; name = "SFPSDWriter Stress Test-Info.plist"; path = "SFPSDWriter Stress Test/SFPSDWriter Stress Test-Info.plist"; sourceTree = SOURCE_ROOT; };
		9FE8EFEB1769B28A009889B1 /* SFPSDWriter Stress Test.app */ = {isa = PBXFileReference; explicitFileType = wrapper.application; includeInIndex = 0; path = "SFPSDWriter Stress Test.app"; sourceTree = BUILT_PRODUCTS_DIR; };
		9FE8EFEE1769B28A009889B1 /* Cocoa.framework */ = {isa = PBXFileReference; lastKnownFileType = wrapper.framework; name = Cocoa.framework; path = System/Library/Frameworks/Cocoa.framework; sourceTree = SDKROOT; };
		9FE8EFF11769B28A009889B1 /* AppKit.framework */ = {isa = PBXFileReference; lastKnownFileType = wrapper.framework; name = AppKit.framework; path = System/Library/Frameworks/AppKit.framework; sourceTree = SDKROOT; };
		9FE8EFF21769B28A009889B1 /* CoreData.framework */ = {isa = PBXFileReference; lastKnownFileType = wrapper.framework; name = CoreData.framework; path = System/Library/Frameworks/CoreData.framework; sourceTree = SDKROOT; };
		9FE8EFF31769B28A009889B1 /* Foundation.framework */ = {isa = PBXFileReference; lastKnownFileType = wrapper.framework; name = Foundation.framework; path = System/Library/Frameworks/Foundation.framework; sourceTree = SDKROOT; };
/* End PBXFileReference section */

/* Begin PBXFrameworksBuildPhase section */
		9FE8EFE81769B28A009889B1 /* Frameworks */ = {
			isa = PBXFrameworksBuildPhase;
			buildActionMask = 2147483647;
			files = (
				9FE8EFEF1769B28A009889B1 /* Cocoa.framework in Frameworks */,
			);
			runOnlyForDeploymentPostprocessing = 0;
		};
/* End PBXFrameworksBuildPhase section */

/* Begin PBXGroup section */
		9F084AE0176F25D100C5F37B /* SFPSDWriter */ = {
			isa = PBXGroup;
			children = (
				9F084AE1176F25D100C5F37B /* Categories */,
				9F084AE8176F25D100C5F37B /* Layer Classes */,
				9F084AF4176F25D100C5F37B /* SFPSDWriter.h */,
				9F084AF5176F25D100C5F37B /* SFPSDWriter.m */,
			);
			name = SFPSDWriter;
			path = ../../Library/SFPSDWriter;
			sourceTree = "<group>";
		};
		9F084AE1176F25D100C5F37B /* Categories */ = {
			isa = PBXGroup;
			children = (
				9F084AE2176F25D100C5F37B /* NSData+SFPackedBits.h */,
				9F084AE3176F25D100C5F37B /* NSData+SFPackedBits.m */,
				9F084AE4176F25D100C5F37B /* NSMutableData+SFAppendValue.h */,
				9F084AE5176F25D100C5F37B /* NSMutableData+SFAppendValue.m */,
				9F084AE6176F25D100C5F37B /* NSString+SFPascalString.h */,
				9F084AE7176F25D100C5F37B /* NSString+SFPascalString.m */,
			);
			path = Categories;
			sourceTree = "<group>";
		};
		9F084AE8176F25D100C5F37B /* Layer Classes */ = {
			isa = PBXGroup;
			children = (
				9F084AE9176F25D100C5F37B /* Constants */,
				9F084AEC176F25D100C5F37B /* SFPSDGroupClosingLayer.h */,
				9F084AED176F25D100C5F37B /* SFPSDGroupClosingLayer.m */,
				9F084AEE176F25D100C5F37B /* SFPSDGroupLayer.h */,
				9F084AEF176F25D100C5F37B /* SFPSDGroupLayer.m */,
				9F084AF0176F25D100C5F37B /* SFPSDGroupOpeningLayer.h */,
				9F084AF1176F25D100C5F37B /* SFPSDGroupOpeningLayer.m */,
				9F084AF2176F25D100C5F37B /* SFPSDLayer.h */,
				9F084AF3176F25D100C5F37B /* SFPSDLayer.m */,
			);
			path = "Layer Classes";
			sourceTree = "<group>";
		};
		9F084AE9176F25D100C5F37B /* Constants */ = {
			isa = PBXGroup;
			children = (
				9F084AEA176F25D100C5F37B /* SFPSDLayerBlendModes.h */,
				9F084AEB176F25D100C5F37B /* SFPSDLayerBlendModes.m */,
			);
			path = Constants;
			sourceTree = "<group>";
		};
		9FE8EFE21769B28A009889B1 = {
			isa = PBXGroup;
			children = (
				9FE8EFF41769B28A009889B1 /* SFPSDWriter Stress Test */,
				9F084AE0176F25D100C5F37B /* SFPSDWriter */,
				9FE8EFED1769B28A009889B1 /* Frameworks */,
				9FE8EFEC1769B28A009889B1 /* Products */,
			);
			sourceTree = "<group>";
		};
		9FE8EFEC1769B28A009889B1 /* Products */ = {
			isa = PBXGroup;
			children = (
				9FE8EFEB1769B28A009889B1 /* SFPSDWriter Stress Test.app */,
			);
			name = Products;
			sourceTree = "<group>";
		};
		9FE8EFED1769B28A009889B1 /* Frameworks */ = {
			isa = PBXGroup;
			children = (
				9FE8EFEE1769B28A009889B1 /* Cocoa.framework */,
				9FE8EFF01769B28A009889B1 /* Other Frameworks */,
			);
			name = Frameworks;
			sourceTree = "<group>";
		};
		9FE8EFF01769B28A009889B1 /* Other Frameworks */ = {
			isa = PBXGroup;
			children = (
				9FE8EFF11769B28A009889B1 /* AppKit.framework */,
				9FE8EFF21769B28A009889B1 /* CoreData.framework */,
				9FE8EFF31769B28A009889B1 /* Foundation.framework */,
			);
			name = "Other Frameworks";
			sourceTree = "<group>";
		};
		9FE8EFF41769B28A009889B1 /* SFPSDWriter Stress Test */ = {
			isa = PBXGroup;
			children = (
				9F084AFF176F276F00C5F37B /* SFAppDelegate.h */,
				9F084B00176F276F00C5F37B /* SFAppDelegate.m */,
				9FAE4720176F2806009E80D0 /* SFPSDWriter Stress Test-Info.plist */,
				9F084B05176F279200C5F37B /* MainMenu.xib */,
				9F084B01176F278800C5F37B /* layerImage.jpg */,
				9F084B02176F278800C5F37B /* layerImageCMYK.jpg */,
				9FE8EFF51769B28A009889B1 /* Supporting Files */,
			);
			name = "SFPSDWriter Stress Test";
			path = SFPSDWriter Stress Test;
			sourceTree = "<group>";
		};
		9FE8EFF51769B28A009889B1 /* Supporting Files */ = {
			isa = PBXGroup;
			children = (
				9FAE4718176F27C5009E80D0 /* InfoPlist.strings */,
				9FAE471E176F27DB009E80D0 /* main.m */,
				9FAE471F176F27DB009E80D0 /* SFPSDWriter Stress Test-Prefix.pch */,
				9FAE471B176F27CD009E80D0 /* Credits.rtf */,
			);
			name = "Supporting Files";
			sourceTree = "<group>";
		};
/* End PBXGroup section */

/* Begin PBXNativeTarget section */
		9FE8EFEA1769B28A009889B1 /* SFPSDWriter Stress Test */ = {
			isa = PBXNativeTarget;
			buildConfigurationList = 9FE8F0081769B28A009889B1 /* Build configuration list for PBXNativeTarget "SFPSDWriter Stress Test" */;
			buildPhases = (
				9FE8EFE71769B28A009889B1 /* Sources */,
				9FE8EFE81769B28A009889B1 /* Frameworks */,
				9FE8EFE91769B28A009889B1 /* Resources */,
			);
			buildRules = (
			);
			dependencies = (
			);
			name = "SFPSDWriter Stress Test";
			productName = SFPSDWriter Stress Test;
			productReference = 9FE8EFEB1769B28A009889B1 /* SFPSDWriter Stress Test.app */;
			productType = "com.apple.product-type.application";
		};
/* End PBXNativeTarget section */

/* Begin PBXProject section */
		9FE8EFE31769B28A009889B1 /* Project object */ = {
			isa = PBXProject;
			attributes = {
				CLASSPREFIX = SF;
				LastUpgradeCheck = 0460;
				ORGANIZATIONNAME = "Shiny Frog";
			};
			buildConfigurationList = 9FE8EFE61769B28A009889B1 /* Build configuration list for PBXProject "SFPSDWriter Stress Test" */;
			compatibilityVersion = "Xcode 3.2";
			developmentRegion = English;
			hasScannedForEncodings = 0;
			knownRegions = (
				en,
			);
			mainGroup = 9FE8EFE21769B28A009889B1;
			productRefGroup = 9FE8EFEC1769B28A009889B1 /* Products */;
			projectDirPath = "";
			projectRoot = "";
			targets = (
				9FE8EFEA1769B28A009889B1 /* SFPSDWriter Stress Test */,
			);
		};
/* End PBXProject section */

/* Begin PBXResourcesBuildPhase section */
		9FE8EFE91769B28A009889B1 /* Resources */ = {
			isa = PBXResourcesBuildPhase;
			buildActionMask = 2147483647;
			files = (
				9F084B03176F278800C5F37B /* layerImage.jpg in Resources */,
				9F084B04176F278800C5F37B /* layerImageCMYK.jpg in Resources */,
				9F084B07176F279200C5F37B /* MainMenu.xib in Resources */,
				9FAE471A176F27C5009E80D0 /* InfoPlist.strings in Resources */,
				9FAE471D176F27CD009E80D0 /* Credits.rtf in Resources */,
				9FAE4721176F2807009E80D0 /* SFPSDWriter Stress Test-Info.plist in Resources */,
			);
			runOnlyForDeploymentPostprocessing = 0;
		};
/* End PBXResourcesBuildPhase section */

/* Begin PBXSourcesBuildPhase section */
		9FE8EFE71769B28A009889B1 /* Sources */ = {
			isa = PBXSourcesBuildPhase;
			buildActionMask = 2147483647;
			files = (
				9F084AF6176F25D100C5F37B /* NSData+SFPackedBits.m in Sources */,
				9F084AF7176F25D100C5F37B /* NSMutableData+SFAppendValue.m in Sources */,
				9F084AF8176F25D100C5F37B /* NSString+SFPascalString.m in Sources */,
				9F084AF9176F25D100C5F37B /* SFPSDLayerBlendModes.m in Sources */,
				9F084AFA176F25D100C5F37B /* SFPSDGroupClosingLayer.m in Sources */,
				9F084AFB176F25D100C5F37B /* SFPSDGroupLayer.m in Sources */,
				9F084AFC176F25D100C5F37B /* SFPSDGroupOpeningLayer.m in Sources */,
				9F084AFD176F25D100C5F37B /* SFPSDLayer.m in Sources */,
				9F084AFE176F25D100C5F37B /* SFPSDWriter.m in Sources */,
			);
			runOnlyForDeploymentPostprocessing = 0;
		};
/* End PBXSourcesBuildPhase section */

/* Begin PBXVariantGroup section */
		9F084B05176F279200C5F37B /* MainMenu.xib */ = {
			isa = PBXVariantGroup;
			children = (
				9F084B06176F279200C5F37B /* en */,
			);
			name = MainMenu.xib;
			sourceTree = "<group>";
		};
		9FAE4718176F27C5009E80D0 /* InfoPlist.strings */ = {
			isa = PBXVariantGroup;
			children = (
				9FAE4719176F27C5009E80D0 /* en */,
			);
			name = InfoPlist.strings;
			sourceTree = "<group>";
		};
		9FAE471B176F27CD009E80D0 /* Credits.rtf */ = {
			isa = PBXVariantGroup;
			children = (
				9FAE471C176F27CD009E80D0 /* en */,
			);
			name = Credits.rtf;
			sourceTree = "<group>";
		};
/* End PBXVariantGroup section */

/* Begin XCBuildConfiguration section */
		9FE8F0061769B28A009889B1 /* Debug */ = {
			isa = XCBuildConfiguration;
			buildSettings = {
				ALWAYS_SEARCH_USER_PATHS = NO;
				ARCHS = "$(ARCHS_STANDARD_64_BIT)";
				CLANG_CXX_LANGUAGE_STANDARD = "gnu++0x";
				CLANG_CXX_LIBRARY = "libc++";
				CLANG_ENABLE_OBJC_ARC = YES;
				CLANG_WARN_CONSTANT_CONVERSION = YES;
				CLANG_WARN_EMPTY_BODY = YES;
				CLANG_WARN_ENUM_CONVERSION = YES;
				CLANG_WARN_INT_CONVERSION = YES;
				CLANG_WARN__DUPLICATE_METHOD_MATCH = YES;
				COPY_PHASE_STRIP = NO;
				GCC_C_LANGUAGE_STANDARD = gnu99;
				GCC_DYNAMIC_NO_PIC = NO;
				GCC_ENABLE_OBJC_EXCEPTIONS = YES;
				GCC_OPTIMIZATION_LEVEL = 0;
				GCC_PREPROCESSOR_DEFINITIONS = (
					"DEBUG=1",
					"$(inherited)",
				);
				GCC_SYMBOLS_PRIVATE_EXTERN = NO;
				GCC_WARN_64_TO_32_BIT_CONVERSION = YES;
				GCC_WARN_ABOUT_RETURN_TYPE = YES;
				GCC_WARN_UNINITIALIZED_AUTOS = YES;
				GCC_WARN_UNUSED_VARIABLE = YES;
				MACOSX_DEPLOYMENT_TARGET = 10.8;
				ONLY_ACTIVE_ARCH = YES;
				SDKROOT = macosx;
			};
			name = Debug;
		};
		9FE8F0071769B28A009889B1 /* Release */ = {
			isa = XCBuildConfiguration;
			buildSettings = {
				ALWAYS_SEARCH_USER_PATHS = NO;
				ARCHS = "$(ARCHS_STANDARD_64_BIT)";
				CLANG_CXX_LANGUAGE_STANDARD = "gnu++0x";
				CLANG_CXX_LIBRARY = "libc++";
				CLANG_ENABLE_OBJC_ARC = YES;
				CLANG_WARN_CONSTANT_CONVERSION = YES;
				CLANG_WARN_EMPTY_BODY = YES;
				CLANG_WARN_ENUM_CONVERSION = YES;
				CLANG_WARN_INT_CONVERSION = YES;
				CLANG_WARN__DUPLICATE_METHOD_MATCH = YES;
				COPY_PHASE_STRIP = YES;
				DEBUG_INFORMATION_FORMAT = "dwarf-with-dsym";
				GCC_C_LANGUAGE_STANDARD = gnu99;
				GCC_ENABLE_OBJC_EXCEPTIONS = YES;
				GCC_WARN_64_TO_32_BIT_CONVERSION = YES;
				GCC_WARN_ABOUT_RETURN_TYPE = YES;
				GCC_WARN_UNINITIALIZED_AUTOS = YES;
				GCC_WARN_UNUSED_VARIABLE = YES;
				MACOSX_DEPLOYMENT_TARGET = 10.8;
				SDKROOT = macosx;
			};
			name = Release;
		};
		9FE8F0091769B28A009889B1 /* Debug */ = {
			isa = XCBuildConfiguration;
			buildSettings = {
				COMBINE_HIDPI_IMAGES = YES;
				GCC_PRECOMPILE_PREFIX_HEADER = YES;
				GCC_PREFIX_HEADER = "SFPSDWriter Stress Test/SFPSDWriter Stress Test-Prefix.pch";
				INFOPLIST_FILE = "SFPSDWriter Stress Test/SFPSDWriter Stress Test-Info.plist";
				PRODUCT_NAME = "SFPSDWriter Stress Test";
				SDKROOT = "";
				WRAPPER_EXTENSION = app;
			};
			name = Debug;
		};
		9FE8F00A1769B28A009889B1 /* Release */ = {
			isa = XCBuildConfiguration;
			buildSettings = {
				COMBINE_HIDPI_IMAGES = YES;
				GCC_PRECOMPILE_PREFIX_HEADER = YES;
				GCC_PREFIX_HEADER = "SFPSDWriter Stress Test/SFPSDWriter Stress Test-Prefix.pch";
				INFOPLIST_FILE = "SFPSDWriter Stress Test/SFPSDWriter Stress Test-Info.plist";
				PRODUCT_NAME = "SFPSDWriter Stress Test";
				SDKROOT = "";
				WRAPPER_EXTENSION = app;
			};
			name = Release;
		};
/* End XCBuildConfiguration section */

/* Begin XCConfigurationList section */
		9FE8EFE61769B28A009889B1 /* Build configuration list for PBXProject "SFPSDWriter Stress Test" */ = {
			isa = XCConfigurationList;
			buildConfigurations = (
				9FE8F0061769B28A009889B1 /* Debug */,
				9FE8F0071769B28A009889B1 /* Release */,
			);
			defaultConfigurationIsVisible = 0;
			defaultConfigurationName = Release;
		};
		9FE8F0081769B28A009889B1 /* Build configuration list for PBXNativeTarget "SFPSDWriter Stress Test" */ = {
			isa = XCConfigurationList;
			buildConfigurations = (
				9FE8F0091769B28A009889B1 /* Debug */,
				9FE8F00A1769B28A009889B1 /* Release */,
			);
			defaultConfigurationIsVisible = 0;
			defaultConfigurationName = Release;
		};
/* End XCConfigurationList section */
	};
	rootObject = 9FE8EFE31769B28A009889B1 /* Project object */;
}
